// !$*UTF8*$!
{
	archiveVersion = 1;
	classes = {
	};
	objectVersion = 46;
	objects = {

/* Begin PBXBuildFile section */
		6B4D6CDD1BC363DF000E15DE /* main.m in Sources */ = {isa = PBXBuildFile; fileRef = 6B4D6CDC1BC363DF000E15DE /* main.m */; };
		6B4D6CE01BC363DF000E15DE /* AppDelegate.m in Sources */ = {isa = PBXBuildFile; fileRef = 6B4D6CDF1BC363DF000E15DE /* AppDelegate.m */; };
		6B4D6CE61BC363DF000E15DE /* Main.storyboard in Resources */ = {isa = PBXBuildFile; fileRef = 6B4D6CE41BC363DF000E15DE /* Main.storyboard */; };
		6B4D6CE81BC363DF000E15DE /* Assets.xcassets in Resources */ = {isa = PBXBuildFile; fileRef = 6B4D6CE71BC363DF000E15DE /* Assets.xcassets */; };
		6B4D6CEB1BC363DF000E15DE /* LaunchScreen.storyboard in Resources */ = {isa = PBXBuildFile; fileRef = 6B4D6CE91BC363DF000E15DE /* LaunchScreen.storyboard */; };
		6B4D6CF61BC363E0000E15DE /* ProyectoPantallasTests.m in Sources */ = {isa = PBXBuildFile; fileRef = 6B4D6CF51BC363E0000E15DE /* ProyectoPantallasTests.m */; };
		6B4D6D011BC363E0000E15DE /* ProyectoPantallasUITests.m in Sources */ = {isa = PBXBuildFile; fileRef = 6B4D6D001BC363E0000E15DE /* ProyectoPantallasUITests.m */; };
		6BB1B5251C02ED01006CC36A /* Foundation.framework in Frameworks */ = {isa = PBXBuildFile; fileRef = 6BB1B5241C02ED01006CC36A /* Foundation.framework */; };
		6BB1B5271C02ED0E006CC36A /* UIKit.framework in Frameworks */ = {isa = PBXBuildFile; fileRef = 6BB1B5261C02ED0E006CC36A /* UIKit.framework */; };
		6BB1B5291C02ED24006CC36A /* CoreGraphics.framework in Frameworks */ = {isa = PBXBuildFile; fileRef = 6BB1B5281C02ED24006CC36A /* CoreGraphics.framework */; settings = {ATTRIBUTES = (Required, ); }; };
		6BB1B52F1C03911D006CC36A /* PESGraph.podspec in Resources */ = {isa = PBXBuildFile; fileRef = 6BB1B52E1C03911D006CC36A /* PESGraph.podspec */; };
		76DD42B3B7135BBA75E0FD0F /* libPods-ProyectoPantallas.a in Frameworks */ = {isa = PBXBuildFile; fileRef = 8934876E61966AE43F0DE1E5 /* libPods-ProyectoPantallas.a */; };
		9A4E190A1BEECD2500501795 /* Celda.m in Sources */ = {isa = PBXBuildFile; fileRef = 9A4E19091BEECD2500501795 /* Celda.m */; };
		9A4E190D1BEECD7700501795 /* TableViewController.m in Sources */ = {isa = PBXBuildFile; fileRef = 9A4E190C1BEECD7700501795 /* TableViewController.m */; };
		9A5196CB1BF7FEFD0090369B /* DetailViewController.m in Sources */ = {isa = PBXBuildFile; fileRef = 9A5196CA1BF7FEFD0090369B /* DetailViewController.m */; };
		9A6DCE6B1BD6F6C400C841FE /* ViewControllerRuta.m in Sources */ = {isa = PBXBuildFile; fileRef = 9A6DCE6A1BD6F6C300C841FE /* ViewControllerRuta.m */; };
		9A6DCE6D1BD7020900C841FE /* discapacidad.jpg in Resources */ = {isa = PBXBuildFile; fileRef = 9A6DCE6C1BD7020900C841FE /* discapacidad.jpg */; };
		9A6DCE6F1BD708BE00C841FE /* mapa.png in Resources */ = {isa = PBXBuildFile; fileRef = 9A6DCE6E1BD708BE00C841FE /* mapa.png */; };
/* End PBXBuildFile section */

/* Begin PBXContainerItemProxy section */
		6B4D6CF21BC363E0000E15DE /* PBXContainerItemProxy */ = {
			isa = PBXContainerItemProxy;
			containerPortal = 6B4D6CD01BC363DF000E15DE /* Project object */;
			proxyType = 1;
			remoteGlobalIDString = 6B4D6CD71BC363DF000E15DE;
			remoteInfo = ProyectoPantallas;
		};
		6B4D6CFD1BC363E0000E15DE /* PBXContainerItemProxy */ = {
			isa = PBXContainerItemProxy;
			containerPortal = 6B4D6CD01BC363DF000E15DE /* Project object */;
			proxyType = 1;
			remoteGlobalIDString = 6B4D6CD71BC363DF000E15DE;
			remoteInfo = ProyectoPantallas;
		};
/* End PBXContainerItemProxy section */

/* Begin PBXFileReference section */
		6B4D6CD81BC363DF000E15DE /* ProyectoPantallas.app */ = {isa = PBXFileReference; explicitFileType = wrapper.application; includeInIndex = 0; path = ProyectoPantallas.app; sourceTree = BUILT_PRODUCTS_DIR; };
		6B4D6CDC1BC363DF000E15DE /* main.m */ = {isa = PBXFileReference; lastKnownFileType = sourcecode.c.objc; path = main.m; sourceTree = "<group>"; };
		6B4D6CDE1BC363DF000E15DE /* AppDelegate.h */ = {isa = PBXFileReference; lastKnownFileType = sourcecode.c.h; path = AppDelegate.h; sourceTree = "<group>"; };
		6B4D6CDF1BC363DF000E15DE /* AppDelegate.m */ = {isa = PBXFileReference; lastKnownFileType = sourcecode.c.objc; path = AppDelegate.m; sourceTree = "<group>"; };
		6B4D6CE51BC363DF000E15DE /* Base */ = {isa = PBXFileReference; lastKnownFileType = file.storyboard; name = Base; path = Base.lproj/Main.storyboard; sourceTree = "<group>"; };
		6B4D6CE71BC363DF000E15DE /* Assets.xcassets */ = {isa = PBXFileReference; lastKnownFileType = folder.assetcatalog; path = Assets.xcassets; sourceTree = "<group>"; };
		6B4D6CEA1BC363DF000E15DE /* Base */ = {isa = PBXFileReference; lastKnownFileType = file.storyboard; name = Base; path = Base.lproj/LaunchScreen.storyboard; sourceTree = "<group>"; };
		6B4D6CEC1BC363DF000E15DE /* Info.plist */ = {isa = PBXFileReference; lastKnownFileType = text.plist.xml; path = Info.plist; sourceTree = "<group>"; };
		6B4D6CF11BC363E0000E15DE /* ProyectoPantallasTests.xctest */ = {isa = PBXFileReference; explicitFileType = wrapper.cfbundle; includeInIndex = 0; path = ProyectoPantallasTests.xctest; sourceTree = BUILT_PRODUCTS_DIR; };
		6B4D6CF51BC363E0000E15DE /* ProyectoPantallasTests.m */ = {isa = PBXFileReference; lastKnownFileType = sourcecode.c.objc; path = ProyectoPantallasTests.m; sourceTree = "<group>"; };
		6B4D6CF71BC363E0000E15DE /* Info.plist */ = {isa = PBXFileReference; lastKnownFileType = text.plist.xml; path = Info.plist; sourceTree = "<group>"; };
		6B4D6CFC1BC363E0000E15DE /* ProyectoPantallasUITests.xctest */ = {isa = PBXFileReference; explicitFileType = wrapper.cfbundle; includeInIndex = 0; path = ProyectoPantallasUITests.xctest; sourceTree = BUILT_PRODUCTS_DIR; };
		6B4D6D001BC363E0000E15DE /* ProyectoPantallasUITests.m */ = {isa = PBXFileReference; lastKnownFileType = sourcecode.c.objc; path = ProyectoPantallasUITests.m; sourceTree = "<group>"; };
		6B4D6D021BC363E0000E15DE /* Info.plist */ = {isa = PBXFileReference; lastKnownFileType = text.plist.xml; path = Info.plist; sourceTree = "<group>"; };
		6BB1B5241C02ED01006CC36A /* Foundation.framework */ = {isa = PBXFileReference; lastKnownFileType = wrapper.framework; name = Foundation.framework; path = System/Library/Frameworks/Foundation.framework; sourceTree = SDKROOT; };
		6BB1B5261C02ED0E006CC36A /* UIKit.framework */ = {isa = PBXFileReference; lastKnownFileType = wrapper.framework; name = UIKit.framework; path = System/Library/Frameworks/UIKit.framework; sourceTree = SDKROOT; };
		6BB1B5281C02ED24006CC36A /* CoreGraphics.framework */ = {isa = PBXFileReference; lastKnownFileType = wrapper.framework; name = CoreGraphics.framework; path = System/Library/Frameworks/CoreGraphics.framework; sourceTree = SDKROOT; };
		6BB1B52A1C02EE0F006CC36A /* ProyectoPantallas-Prefix.pch */ = {isa = PBXFileReference; lastKnownFileType = sourcecode.c.h; path = "ProyectoPantallas-Prefix.pch"; sourceTree = "<group>"; };
		6BB1B52E1C03911D006CC36A /* PESGraph.podspec */ = {isa = PBXFileReference; fileEncoding = 4; lastKnownFileType = text; path = PESGraph.podspec; sourceTree = "<group>"; };
		8934876E61966AE43F0DE1E5 /* libPods-ProyectoPantallas.a */ = {isa = PBXFileReference; explicitFileType = archive.ar; includeInIndex = 0; path = "libPods-ProyectoPantallas.a"; sourceTree = BUILT_PRODUCTS_DIR; };
		9A4E19081BEECD2500501795 /* Celda.h */ = {isa = PBXFileReference; fileEncoding = 4; lastKnownFileType = sourcecode.c.h; path = Celda.h; sourceTree = "<group>"; };
		9A4E19091BEECD2500501795 /* Celda.m */ = {isa = PBXFileReference; fileEncoding = 4; lastKnownFileType = sourcecode.c.objc; path = Celda.m; sourceTree = "<group>"; };
		9A4E190B1BEECD7700501795 /* TableViewController.h */ = {isa = PBXFileReference; fileEncoding = 4; lastKnownFileType = sourcecode.c.h; path = TableViewController.h; sourceTree = "<group>"; };
		9A4E190C1BEECD7700501795 /* TableViewController.m */ = {isa = PBXFileReference; fileEncoding = 4; lastKnownFileType = sourcecode.c.objc; path = TableViewController.m; sourceTree = "<group>"; };
		9A5196C91BF7FEFC0090369B /* DetailViewController.h */ = {isa = PBXFileReference; fileEncoding = 4; lastKnownFileType = sourcecode.c.h; path = DetailViewController.h; sourceTree = "<group>"; };
		9A5196CA1BF7FEFD0090369B /* DetailViewController.m */ = {isa = PBXFileReference; fileEncoding = 4; lastKnownFileType = sourcecode.c.objc; path = DetailViewController.m; sourceTree = "<group>"; };
		9A6DCE691BD6F6C200C841FE /* ViewControllerRuta.h */ = {isa = PBXFileReference; fileEncoding = 4; lastKnownFileType = sourcecode.c.h; path = ViewControllerRuta.h; sourceTree = "<group>"; };
		9A6DCE6A1BD6F6C300C841FE /* ViewControllerRuta.m */ = {isa = PBXFileReference; fileEncoding = 4; lastKnownFileType = sourcecode.c.objc; path = ViewControllerRuta.m; sourceTree = "<group>"; };
		9A6DCE6C1BD7020900C841FE /* discapacidad.jpg */ = {isa = PBXFileReference; lastKnownFileType = image.jpeg; path = discapacidad.jpg; sourceTree = "<group>"; };
		9A6DCE6E1BD708BE00C841FE /* mapa.png */ = {isa = PBXFileReference; lastKnownFileType = image.png; path = mapa.png; sourceTree = "<group>"; };
		9E42B9916BD4DFC0551BC507 /* Pods-ProyectoPantallas.release.xcconfig */ = {isa = PBXFileReference; includeInIndex = 1; lastKnownFileType = text.xcconfig; name = "Pods-ProyectoPantallas.release.xcconfig"; path = "Pods/Target Support Files/Pods-ProyectoPantallas/Pods-ProyectoPantallas.release.xcconfig"; sourceTree = "<group>"; };
		F72FF9F8FFE86450CF648B5C /* Pods-ProyectoPantallas.debug.xcconfig */ = {isa = PBXFileReference; includeInIndex = 1; lastKnownFileType = text.xcconfig; name = "Pods-ProyectoPantallas.debug.xcconfig"; path = "Pods/Target Support Files/Pods-ProyectoPantallas/Pods-ProyectoPantallas.debug.xcconfig"; sourceTree = "<group>"; };
/* End PBXFileReference section */

/* Begin PBXFrameworksBuildPhase section */
		6B4D6CD51BC363DF000E15DE /* Frameworks */ = {
			isa = PBXFrameworksBuildPhase;
			buildActionMask = 2147483647;
			files = (
				6BB1B5291C02ED24006CC36A /* CoreGraphics.framework in Frameworks */,
				6BB1B5271C02ED0E006CC36A /* UIKit.framework in Frameworks */,
				6BB1B5251C02ED01006CC36A /* Foundation.framework in Frameworks */,
				76DD42B3B7135BBA75E0FD0F /* libPods-ProyectoPantallas.a in Frameworks */,
			);
			runOnlyForDeploymentPostprocessing = 0;
		};
		6B4D6CEE1BC363E0000E15DE /* Frameworks */ = {
			isa = PBXFrameworksBuildPhase;
			buildActionMask = 2147483647;
			files = (
			);
			runOnlyForDeploymentPostprocessing = 0;
		};
		6B4D6CF91BC363E0000E15DE /* Frameworks */ = {
			isa = PBXFrameworksBuildPhase;
			buildActionMask = 2147483647;
			files = (
			);
			runOnlyForDeploymentPostprocessing = 0;
		};
/* End PBXFrameworksBuildPhase section */

/* Begin PBXGroup section */
		2B0884E25CBD44C803B7236A /* Frameworks */ = {
			isa = PBXGroup;
			children = (
				8934876E61966AE43F0DE1E5 /* libPods-ProyectoPantallas.a */,
			);
			name = Frameworks;
			sourceTree = "<group>";
		};
		6403C9D12C170BF8D2B8DDD9 /* Pods */ = {
			isa = PBXGroup;
			children = (
				F72FF9F8FFE86450CF648B5C /* Pods-ProyectoPantallas.debug.xcconfig */,
				9E42B9916BD4DFC0551BC507 /* Pods-ProyectoPantallas.release.xcconfig */,
			);
			name = Pods;
			sourceTree = "<group>";
		};
		6B4D6CCF1BC363DF000E15DE = {
			isa = PBXGroup;
			children = (
				6BB1B52E1C03911D006CC36A /* PESGraph.podspec */,
				6BB1B5281C02ED24006CC36A /* CoreGraphics.framework */,
				6BB1B5261C02ED0E006CC36A /* UIKit.framework */,
				6BB1B5241C02ED01006CC36A /* Foundation.framework */,
				6B4D6CDA1BC363DF000E15DE /* ProyectoPantallas */,
				6B4D6CF41BC363E0000E15DE /* ProyectoPantallasTests */,
				6B4D6CFF1BC363E0000E15DE /* ProyectoPantallasUITests */,
				6B4D6CD91BC363DF000E15DE /* Products */,
				6403C9D12C170BF8D2B8DDD9 /* Pods */,
				2B0884E25CBD44C803B7236A /* Frameworks */,
			);
			sourceTree = "<group>";
		};
		6B4D6CD91BC363DF000E15DE /* Products */ = {
			isa = PBXGroup;
			children = (
				6B4D6CD81BC363DF000E15DE /* ProyectoPantallas.app */,
				6B4D6CF11BC363E0000E15DE /* ProyectoPantallasTests.xctest */,
				6B4D6CFC1BC363E0000E15DE /* ProyectoPantallasUITests.xctest */,
			);
			name = Products;
			sourceTree = "<group>";
		};
		6B4D6CDA1BC363DF000E15DE /* ProyectoPantallas */ = {
			isa = PBXGroup;
			children = (
				6B4D6CDE1BC363DF000E15DE /* AppDelegate.h */,
				6B4D6CDF1BC363DF000E15DE /* AppDelegate.m */,
				6B4D6CE41BC363DF000E15DE /* Main.storyboard */,
				9A5196C91BF7FEFC0090369B /* DetailViewController.h */,
				9A5196CA1BF7FEFD0090369B /* DetailViewController.m */,
				9A4E190B1BEECD7700501795 /* TableViewController.h */,
				9A4E190C1BEECD7700501795 /* TableViewController.m */,
				9A4E19081BEECD2500501795 /* Celda.h */,
				9A4E19091BEECD2500501795 /* Celda.m */,
				9A6DCE691BD6F6C200C841FE /* ViewControllerRuta.h */,
				9A6DCE6A1BD6F6C300C841FE /* ViewControllerRuta.m */,
				6B4D6CE71BC363DF000E15DE /* Assets.xcassets */,
				6B4D6CE91BC363DF000E15DE /* LaunchScreen.storyboard */,
				9A6DCE6E1BD708BE00C841FE /* mapa.png */,
				9A6DCE6C1BD7020900C841FE /* discapacidad.jpg */,
				6B4D6CEC1BC363DF000E15DE /* Info.plist */,
				6B4D6CDB1BC363DF000E15DE /* Supporting Files */,
			);
			path = ProyectoPantallas;
			sourceTree = "<group>";
		};
		6B4D6CDB1BC363DF000E15DE /* Supporting Files */ = {
			isa = PBXGroup;
			children = (
				6BB1B52A1C02EE0F006CC36A /* ProyectoPantallas-Prefix.pch */,
				6B4D6CDC1BC363DF000E15DE /* main.m */,
			);
			name = "Supporting Files";
			sourceTree = "<group>";
		};
		6B4D6CF41BC363E0000E15DE /* ProyectoPantallasTests */ = {
			isa = PBXGroup;
			children = (
				6B4D6CF51BC363E0000E15DE /* ProyectoPantallasTests.m */,
				6B4D6CF71BC363E0000E15DE /* Info.plist */,
			);
			path = ProyectoPantallasTests;
			sourceTree = "<group>";
		};
		6B4D6CFF1BC363E0000E15DE /* ProyectoPantallasUITests */ = {
			isa = PBXGroup;
			children = (
				6B4D6D001BC363E0000E15DE /* ProyectoPantallasUITests.m */,
				6B4D6D021BC363E0000E15DE /* Info.plist */,
			);
			path = ProyectoPantallasUITests;
			sourceTree = "<group>";
		};
/* End PBXGroup section */

/* Begin PBXNativeTarget section */
		6B4D6CD71BC363DF000E15DE /* ProyectoPantallas */ = {
			isa = PBXNativeTarget;
			buildConfigurationList = 6B4D6D051BC363E0000E15DE /* Build configuration list for PBXNativeTarget "ProyectoPantallas" */;
			buildPhases = (
				6101BE41F4435A50C84A7D27 /* Check Pods Manifest.lock */,
				6B4D6CD41BC363DF000E15DE /* Sources */,
				6B4D6CD51BC363DF000E15DE /* Frameworks */,
				6B4D6CD61BC363DF000E15DE /* Resources */,
				926AFA397C5E1B2708C4A7B3 /* Embed Pods Frameworks */,
				9E43D77451149F025F8CC275 /* Copy Pods Resources */,
			);
			buildRules = (
			);
			dependencies = (
			);
			name = ProyectoPantallas;
			productName = ProyectoPantallas;
			productReference = 6B4D6CD81BC363DF000E15DE /* ProyectoPantallas.app */;
			productType = "com.apple.product-type.application";
		};
		6B4D6CF01BC363E0000E15DE /* ProyectoPantallasTests */ = {
			isa = PBXNativeTarget;
			buildConfigurationList = 6B4D6D081BC363E0000E15DE /* Build configuration list for PBXNativeTarget "ProyectoPantallasTests" */;
			buildPhases = (
				6B4D6CED1BC363E0000E15DE /* Sources */,
				6B4D6CEE1BC363E0000E15DE /* Frameworks */,
				6B4D6CEF1BC363E0000E15DE /* Resources */,
			);
			buildRules = (
			);
			dependencies = (
				6B4D6CF31BC363E0000E15DE /* PBXTargetDependency */,
			);
			name = ProyectoPantallasTests;
			productName = ProyectoPantallasTests;
			productReference = 6B4D6CF11BC363E0000E15DE /* ProyectoPantallasTests.xctest */;
			productType = "com.apple.product-type.bundle.unit-test";
		};
		6B4D6CFB1BC363E0000E15DE /* ProyectoPantallasUITests */ = {
			isa = PBXNativeTarget;
			buildConfigurationList = 6B4D6D0B1BC363E0000E15DE /* Build configuration list for PBXNativeTarget "ProyectoPantallasUITests" */;
			buildPhases = (
				6B4D6CF81BC363E0000E15DE /* Sources */,
				6B4D6CF91BC363E0000E15DE /* Frameworks */,
				6B4D6CFA1BC363E0000E15DE /* Resources */,
			);
			buildRules = (
			);
			dependencies = (
				6B4D6CFE1BC363E0000E15DE /* PBXTargetDependency */,
			);
			name = ProyectoPantallasUITests;
			productName = ProyectoPantallasUITests;
			productReference = 6B4D6CFC1BC363E0000E15DE /* ProyectoPantallasUITests.xctest */;
			productType = "com.apple.product-type.bundle.ui-testing";
		};
/* End PBXNativeTarget section */

/* Begin PBXProject section */
		6B4D6CD01BC363DF000E15DE /* Project object */ = {
			isa = PBXProject;
			attributes = {
				LastUpgradeCheck = 0700;
				ORGANIZATIONNAME = "José Antonio Ruiz del Moral Cervantes";
				TargetAttributes = {
					6B4D6CD71BC363DF000E15DE = {
						CreatedOnToolsVersion = 7.0.1;
						DevelopmentTeam = 348MU4AQ73;
					};
					6B4D6CF01BC363E0000E15DE = {
						CreatedOnToolsVersion = 7.0.1;
						TestTargetID = 6B4D6CD71BC363DF000E15DE;
					};
					6B4D6CFB1BC363E0000E15DE = {
						CreatedOnToolsVersion = 7.0.1;
						TestTargetID = 6B4D6CD71BC363DF000E15DE;
					};
				};
			};
			buildConfigurationList = 6B4D6CD31BC363DF000E15DE /* Build configuration list for PBXProject "ProyectoPantallas" */;
			compatibilityVersion = "Xcode 3.2";
			developmentRegion = English;
			hasScannedForEncodings = 0;
			knownRegions = (
				en,
				Base,
			);
			mainGroup = 6B4D6CCF1BC363DF000E15DE;
			productRefGroup = 6B4D6CD91BC363DF000E15DE /* Products */;
			projectDirPath = "";
			projectRoot = "";
			targets = (
				6B4D6CD71BC363DF000E15DE /* ProyectoPantallas */,
				6B4D6CF01BC363E0000E15DE /* ProyectoPantallasTests */,
				6B4D6CFB1BC363E0000E15DE /* ProyectoPantallasUITests */,
			);
		};
/* End PBXProject section */

/* Begin PBXResourcesBuildPhase section */
		6B4D6CD61BC363DF000E15DE /* Resources */ = {
			isa = PBXResourcesBuildPhase;
			buildActionMask = 2147483647;
			files = (
				6B4D6CEB1BC363DF000E15DE /* LaunchScreen.storyboard in Resources */,
				9A6DCE6F1BD708BE00C841FE /* mapa.png in Resources */,
				9A6DCE6D1BD7020900C841FE /* discapacidad.jpg in Resources */,
				6BB1B52F1C03911D006CC36A /* PESGraph.podspec in Resources */,
				6B4D6CE81BC363DF000E15DE /* Assets.xcassets in Resources */,
				6B4D6CE61BC363DF000E15DE /* Main.storyboard in Resources */,
			);
			runOnlyForDeploymentPostprocessing = 0;
		};
		6B4D6CEF1BC363E0000E15DE /* Resources */ = {
			isa = PBXResourcesBuildPhase;
			buildActionMask = 2147483647;
			files = (
			);
			runOnlyForDeploymentPostprocessing = 0;
		};
		6B4D6CFA1BC363E0000E15DE /* Resources */ = {
			isa = PBXResourcesBuildPhase;
			buildActionMask = 2147483647;
			files = (
			);
			runOnlyForDeploymentPostprocessing = 0;
		};
/* End PBXResourcesBuildPhase section */

/* Begin PBXShellScriptBuildPhase section */
		6101BE41F4435A50C84A7D27 /* Check Pods Manifest.lock */ = {
			isa = PBXShellScriptBuildPhase;
			buildActionMask = 2147483647;
			files = (
			);
			inputPaths = (
			);
			name = "Check Pods Manifest.lock";
			outputPaths = (
			);
			runOnlyForDeploymentPostprocessing = 0;
			shellPath = /bin/sh;
			shellScript = "diff \"${PODS_ROOT}/../Podfile.lock\" \"${PODS_ROOT}/Manifest.lock\" > /dev/null\nif [[ $? != 0 ]] ; then\n    cat << EOM\nerror: The sandbox is not in sync with the Podfile.lock. Run 'pod install' or update your CocoaPods installation.\nEOM\n    exit 1\nfi\n";
			showEnvVarsInLog = 0;
		};
		926AFA397C5E1B2708C4A7B3 /* Embed Pods Frameworks */ = {
			isa = PBXShellScriptBuildPhase;
			buildActionMask = 2147483647;
			files = (
			);
			inputPaths = (
			);
			name = "Embed Pods Frameworks";
			outputPaths = (
			);
			runOnlyForDeploymentPostprocessing = 0;
			shellPath = /bin/sh;
			shellScript = "\"${SRCROOT}/Pods/Target Support Files/Pods-ProyectoPantallas/Pods-ProyectoPantallas-frameworks.sh\"\n";
			showEnvVarsInLog = 0;
		};
		9E43D77451149F025F8CC275 /* Copy Pods Resources */ = {
			isa = PBXShellScriptBuildPhase;
			buildActionMask = 2147483647;
			files = (
			);
			inputPaths = (
			);
			name = "Copy Pods Resources";
			outputPaths = (
			);
			runOnlyForDeploymentPostprocessing = 0;
			shellPath = /bin/sh;
			shellScript = "\"${SRCROOT}/Pods/Target Support Files/Pods-ProyectoPantallas/Pods-ProyectoPantallas-resources.sh\"\n";
			showEnvVarsInLog = 0;
		};
/* End PBXShellScriptBuildPhase section */

/* Begin PBXSourcesBuildPhase section */
		6B4D6CD41BC363DF000E15DE /* Sources */ = {
			isa = PBXSourcesBuildPhase;
			buildActionMask = 2147483647;
			files = (
				6B4D6CE01BC363DF000E15DE /* AppDelegate.m in Sources */,
				9A6DCE6B1BD6F6C400C841FE /* ViewControllerRuta.m in Sources */,
				9A4E190D1BEECD7700501795 /* TableViewController.m in Sources */,
				9A4E190A1BEECD2500501795 /* Celda.m in Sources */,
				9A5196CB1BF7FEFD0090369B /* DetailViewController.m in Sources */,
				6B4D6CDD1BC363DF000E15DE /* main.m in Sources */,
			);
			runOnlyForDeploymentPostprocessing = 0;
		};
		6B4D6CED1BC363E0000E15DE /* Sources */ = {
			isa = PBXSourcesBuildPhase;
			buildActionMask = 2147483647;
			files = (
				6B4D6CF61BC363E0000E15DE /* ProyectoPantallasTests.m in Sources */,
			);
			runOnlyForDeploymentPostprocessing = 0;
		};
		6B4D6CF81BC363E0000E15DE /* Sources */ = {
			isa = PBXSourcesBuildPhase;
			buildActionMask = 2147483647;
			files = (
				6B4D6D011BC363E0000E15DE /* ProyectoPantallasUITests.m in Sources */,
			);
			runOnlyForDeploymentPostprocessing = 0;
		};
/* End PBXSourcesBuildPhase section */

/* Begin PBXTargetDependency section */
		6B4D6CF31BC363E0000E15DE /* PBXTargetDependency */ = {
			isa = PBXTargetDependency;
			target = 6B4D6CD71BC363DF000E15DE /* ProyectoPantallas */;
			targetProxy = 6B4D6CF21BC363E0000E15DE /* PBXContainerItemProxy */;
		};
		6B4D6CFE1BC363E0000E15DE /* PBXTargetDependency */ = {
			isa = PBXTargetDependency;
			target = 6B4D6CD71BC363DF000E15DE /* ProyectoPantallas */;
			targetProxy = 6B4D6CFD1BC363E0000E15DE /* PBXContainerItemProxy */;
		};
/* End PBXTargetDependency section */

/* Begin PBXVariantGroup section */
		6B4D6CE41BC363DF000E15DE /* Main.storyboard */ = {
			isa = PBXVariantGroup;
			children = (
				6B4D6CE51BC363DF000E15DE /* Base */,
			);
			name = Main.storyboard;
			sourceTree = "<group>";
		};
		6B4D6CE91BC363DF000E15DE /* LaunchScreen.storyboard */ = {
			isa = PBXVariantGroup;
			children = (
				6B4D6CEA1BC363DF000E15DE /* Base */,
			);
			name = LaunchScreen.storyboard;
			sourceTree = "<group>";
		};
/* End PBXVariantGroup section */

/* Begin XCBuildConfiguration section */
		6B4D6D031BC363E0000E15DE /* Debug */ = {
			isa = XCBuildConfiguration;
			buildSettings = {
				ALWAYS_SEARCH_USER_PATHS = NO;
				CLANG_CXX_LANGUAGE_STANDARD = "gnu++0x";
				CLANG_CXX_LIBRARY = "libc++";
				CLANG_ENABLE_MODULES = YES;
				CLANG_ENABLE_OBJC_ARC = YES;
				CLANG_WARN_BOOL_CONVERSION = YES;
				CLANG_WARN_CONSTANT_CONVERSION = YES;
				CLANG_WARN_DIRECT_OBJC_ISA_USAGE = YES_ERROR;
				CLANG_WARN_EMPTY_BODY = YES;
				CLANG_WARN_ENUM_CONVERSION = YES;
				CLANG_WARN_INT_CONVERSION = YES;
				CLANG_WARN_OBJC_ROOT_CLASS = YES_ERROR;
				CLANG_WARN_UNREACHABLE_CODE = YES;
				CLANG_WARN__DUPLICATE_METHOD_MATCH = YES;
				"CODE_SIGN_IDENTITY[sdk=iphoneos*]" = "iPhone Developer";
				COPY_PHASE_STRIP = NO;
				DEBUG_INFORMATION_FORMAT = dwarf;
				ENABLE_STRICT_OBJC_MSGSEND = YES;
				ENABLE_TESTABILITY = YES;
				GCC_C_LANGUAGE_STANDARD = gnu99;
				GCC_DYNAMIC_NO_PIC = NO;
				GCC_NO_COMMON_BLOCKS = YES;
				GCC_OPTIMIZATION_LEVEL = 0;
				GCC_PREPROCESSOR_DEFINITIONS = (
					"DEBUG=1",
					"$(inherited)",
				);
				GCC_WARN_64_TO_32_BIT_CONVERSION = YES;
				GCC_WARN_ABOUT_RETURN_TYPE = YES_ERROR;
				GCC_WARN_UNDECLARED_SELECTOR = YES;
				GCC_WARN_UNINITIALIZED_AUTOS = YES_AGGRESSIVE;
				GCC_WARN_UNUSED_FUNCTION = YES;
				GCC_WARN_UNUSED_VARIABLE = YES;
				IPHONEOS_DEPLOYMENT_TARGET = 9.0;
				MTL_ENABLE_DEBUG_INFO = YES;
				ONLY_ACTIVE_ARCH = YES;
				SDKROOT = iphoneos;
			};
			name = Debug;
		};
		6B4D6D041BC363E0000E15DE /* Release */ = {
			isa = XCBuildConfiguration;
			buildSettings = {
				ALWAYS_SEARCH_USER_PATHS = NO;
				CLANG_CXX_LANGUAGE_STANDARD = "gnu++0x";
				CLANG_CXX_LIBRARY = "libc++";
				CLANG_ENABLE_MODULES = YES;
				CLANG_ENABLE_OBJC_ARC = YES;
				CLANG_WARN_BOOL_CONVERSION = YES;
				CLANG_WARN_CONSTANT_CONVERSION = YES;
				CLANG_WARN_DIRECT_OBJC_ISA_USAGE = YES_ERROR;
				CLANG_WARN_EMPTY_BODY = YES;
				CLANG_WARN_ENUM_CONVERSION = YES;
				CLANG_WARN_INT_CONVERSION = YES;
				CLANG_WARN_OBJC_ROOT_CLASS = YES_ERROR;
				CLANG_WARN_UNREACHABLE_CODE = YES;
				CLANG_WARN__DUPLICATE_METHOD_MATCH = YES;
				"CODE_SIGN_IDENTITY[sdk=iphoneos*]" = "iPhone Developer";
				COPY_PHASE_STRIP = NO;
				DEBUG_INFORMATION_FORMAT = "dwarf-with-dsym";
				ENABLE_NS_ASSERTIONS = NO;
				ENABLE_STRICT_OBJC_MSGSEND = YES;
				GCC_C_LANGUAGE_STANDARD = gnu99;
				GCC_NO_COMMON_BLOCKS = YES;
				GCC_WARN_64_TO_32_BIT_CONVERSION = YES;
				GCC_WARN_ABOUT_RETURN_TYPE = YES_ERROR;
				GCC_WARN_UNDECLARED_SELECTOR = YES;
				GCC_WARN_UNINITIALIZED_AUTOS = YES_AGGRESSIVE;
				GCC_WARN_UNUSED_FUNCTION = YES;
				GCC_WARN_UNUSED_VARIABLE = YES;
				IPHONEOS_DEPLOYMENT_TARGET = 9.0;
				MTL_ENABLE_DEBUG_INFO = NO;
				SDKROOT = iphoneos;
				VALIDATE_PRODUCT = YES;
			};
			name = Release;
		};
		6B4D6D061BC363E0000E15DE /* Debug */ = {
			isa = XCBuildConfiguration;
			baseConfigurationReference = F72FF9F8FFE86450CF648B5C /* Pods-ProyectoPantallas.debug.xcconfig */;
			buildSettings = {
				ASSETCATALOG_COMPILER_APPICON_NAME = AppIcon;
				CODE_SIGN_IDENTITY = "iPhone Developer";
				"CODE_SIGN_IDENTITY[sdk=iphoneos*]" = "iPhone Developer";
				INFOPLIST_FILE = ProyectoPantallas/Info.plist;
				IPHONEOS_DEPLOYMENT_TARGET = 8.0;
				LD_RUNPATH_SEARCH_PATHS = "$(inherited) @executable_path/Frameworks";
				PRODUCT_BUNDLE_IDENTIFIER = JARMC.ProyectoPantallas;
				PRODUCT_NAME = "$(TARGET_NAME)";
				PROVISIONING_PROFILE = "";
			};
			name = Debug;
		};
		6B4D6D071BC363E0000E15DE /* Release */ = {
			isa = XCBuildConfiguration;
			baseConfigurationReference = 9E42B9916BD4DFC0551BC507 /* Pods-ProyectoPantallas.release.xcconfig */;
			buildSettings = {
				ASSETCATALOG_COMPILER_APPICON_NAME = AppIcon;
				CODE_SIGN_IDENTITY = "iPhone Developer";
				"CODE_SIGN_IDENTITY[sdk=iphoneos*]" = "iPhone Developer";
				INFOPLIST_FILE = ProyectoPantallas/Info.plist;
				IPHONEOS_DEPLOYMENT_TARGET = 8.0;
				LD_RUNPATH_SEARCH_PATHS = "$(inherited) @executable_path/Frameworks";
				PRODUCT_BUNDLE_IDENTIFIER = JARMC.ProyectoPantallas;
				PRODUCT_NAME = "$(TARGET_NAME)";
				PROVISIONING_PROFILE = "";
			};
			name = Release;
		};
		6B4D6D091BC363E0000E15DE /* Debug */ = {
			isa = XCBuildConfiguration;
			buildSettings = {
				BUNDLE_LOADER = "$(TEST_HOST)";
				INFOPLIST_FILE = ProyectoPantallasTests/Info.plist;
				LD_RUNPATH_SEARCH_PATHS = "$(inherited) @executable_path/Frameworks @loader_path/Frameworks";
				PRODUCT_BUNDLE_IDENTIFIER = JARMC.ProyectoPantallasTests;
				PRODUCT_NAME = "$(TARGET_NAME)";
				TEST_HOST = "$(BUILT_PRODUCTS_DIR)/ProyectoPantallas.app/ProyectoPantallas";
			};
			name = Debug;
		};
		6B4D6D0A1BC363E0000E15DE /* Release */ = {
			isa = XCBuildConfiguration;
			buildSettings = {
				BUNDLE_LOADER = "$(TEST_HOST)";
				INFOPLIST_FILE = ProyectoPantallasTests/Info.plist;
				LD_RUNPATH_SEARCH_PATHS = "$(inherited) @executable_path/Frameworks @loader_path/Frameworks";
				PRODUCT_BUNDLE_IDENTIFIER = JARMC.ProyectoPantallasTests;
				PRODUCT_NAME = "$(TARGET_NAME)";
				TEST_HOST = "$(BUILT_PRODUCTS_DIR)/ProyectoPantallas.app/ProyectoPantallas";
			};
			name = Release;
		};
		6B4D6D0C1BC363E0000E15DE /* Debug */ = {
			isa = XCBuildConfiguration;
			buildSettings = {
				INFOPLIST_FILE = ProyectoPantallasUITests/Info.plist;
				LD_RUNPATH_SEARCH_PATHS = "$(inherited) @executable_path/Frameworks @loader_path/Frameworks";
				PRODUCT_BUNDLE_IDENTIFIER = JARMC.ProyectoPantallasUITests;
				PRODUCT_NAME = "$(TARGET_NAME)";
				TEST_TARGET_NAME = ProyectoPantallas;
				USES_XCTRUNNER = YES;
			};
			name = Debug;
		};
		6B4D6D0D1BC363E0000E15DE /* Release */ = {
			isa = XCBuildConfiguration;
			buildSettings = {
				INFOPLIST_FILE = ProyectoPantallasUITests/Info.plist;
				LD_RUNPATH_SEARCH_PATHS = "$(inherited) @executable_path/Frameworks @loader_path/Frameworks";
				PRODUCT_BUNDLE_IDENTIFIER = JARMC.ProyectoPantallasUITests;
				PRODUCT_NAME = "$(TARGET_NAME)";
				TEST_TARGET_NAME = ProyectoPantallas;
				USES_XCTRUNNER = YES;
			};
			name = Release;
		};
/* End XCBuildConfiguration section */

/* Begin XCConfigurationList section */
		6B4D6CD31BC363DF000E15DE /* Build configuration list for PBXProject "ProyectoPantallas" */ = {
			isa = XCConfigurationList;
			buildConfigurations = (
				6B4D6D031BC363E0000E15DE /* Debug */,
				6B4D6D041BC363E0000E15DE /* Release */,
			);
			defaultConfigurationIsVisible = 0;
			defaultConfigurationName = Release;
		};
		6B4D6D051BC363E0000E15DE /* Build configuration list for PBXNativeTarget "ProyectoPantallas" */ = {
			isa = XCConfigurationList;
			buildConfigurations = (
				6B4D6D061BC363E0000E15DE /* Debug */,
				6B4D6D071BC363E0000E15DE /* Release */,
			);
			defaultConfigurationIsVisible = 0;
			defaultConfigurationName = Release;
		};
		6B4D6D081BC363E0000E15DE /* Build configuration list for PBXNativeTarget "ProyectoPantallasTests" */ = {
			isa = XCConfigurationList;
			buildConfigurations = (
				6B4D6D091BC363E0000E15DE /* Debug */,
				6B4D6D0A1BC363E0000E15DE /* Release */,
			);
			defaultConfigurationIsVisible = 0;
			defaultConfigurationName = Release;
		};
		6B4D6D0B1BC363E0000E15DE /* Build configuration list for PBXNativeTarget "ProyectoPantallasUITests" */ = {
			isa = XCConfigurationList;
			buildConfigurations = (
				6B4D6D0C1BC363E0000E15DE /* Debug */,
				6B4D6D0D1BC363E0000E15DE /* Release */,
			);
			defaultConfigurationIsVisible = 0;
			defaultConfigurationName = Release;
		};
/* End XCConfigurationList section */
	};
	rootObject = 6B4D6CD01BC363DF000E15DE /* Project object */;
}
